// !$*UTF8*$!
{
	archiveVersion = 1;
	classes = {
	};
	objectVersion = 50;
	objects = {

/* Begin PBXBuildFile section */
		A6AB92A8236557870014785A /* NSString+MSEmoji.h in Headers */ = {isa = PBXBuildFile; fileRef = A6AB92A6236557870014785A /* NSString+MSEmoji.h */; };
		A6AB92A9236557870014785A /* NSString+MSEmoji.m in Sources */ = {isa = PBXBuildFile; fileRef = A6AB92A7236557870014785A /* NSString+MSEmoji.m */; };
		A6AB92AC2365C32C0014785A /* Json.swift in Sources */ = {isa = PBXBuildFile; fileRef = A6AB92AB2365C32C0014785A /* Json.swift */; };
		A6AB92AE2365C34C0014785A /* Element.swift in Sources */ = {isa = PBXBuildFile; fileRef = A6AB92AD2365C34C0014785A /* Element.swift */; };
		A6AB92B02365C3960014785A /* ElementReferenceType.swift in Sources */ = {isa = PBXBuildFile; fileRef = A6AB92AF2365C3960014785A /* ElementReferenceType.swift */; };
		A6C50C3E236CFE2500FF1AAB /* NSDictionary+JSON.h in Headers */ = {isa = PBXBuildFile; fileRef = A6C50C3C236CFE2500FF1AAB /* NSDictionary+JSON.h */; };
		A6C50C3F236CFE2500FF1AAB /* NSDictionary+JSON.m in Sources */ = {isa = PBXBuildFile; fileRef = A6C50C3D236CFE2500FF1AAB /* NSDictionary+JSON.m */; };
		A6F1E5D6236196B0000DAD2B /* MSKit.framework in Frameworks */ = {isa = PBXBuildFile; fileRef = A6F1E5CC236196B0000DAD2B /* MSKit.framework */; };
		A6F1E5DB236196B0000DAD2B /* MSKitTests.m in Sources */ = {isa = PBXBuildFile; fileRef = A6F1E5DA236196B0000DAD2B /* MSKitTests.m */; };
		A6F1E5DD236196B0000DAD2B /* MSKit.h in Headers */ = {isa = PBXBuildFile; fileRef = A6F1E5CF236196B0000DAD2B /* MSKit.h */; settings = {ATTRIBUTES = (Public, ); }; };
		A6F1E5EA236196FE000DAD2B /* NSString+MSSize.h in Headers */ = {isa = PBXBuildFile; fileRef = A6F1E5E8236196FE000DAD2B /* NSString+MSSize.h */; };
		A6F1E5EB236196FE000DAD2B /* NSString+MSSize.m in Sources */ = {isa = PBXBuildFile; fileRef = A6F1E5E9236196FE000DAD2B /* NSString+MSSize.m */; };
		A6F1E5EE2361990B000DAD2B /* UIView+MSSize.h in Headers */ = {isa = PBXBuildFile; fileRef = A6F1E5EC2361990B000DAD2B /* UIView+MSSize.h */; };
		A6F1E5EF2361990B000DAD2B /* UIView+MSSize.m in Sources */ = {isa = PBXBuildFile; fileRef = A6F1E5ED2361990B000DAD2B /* UIView+MSSize.m */; };
		A6F1E5F223619CCB000DAD2B /* UIButton+MSTouch.h in Headers */ = {isa = PBXBuildFile; fileRef = A6F1E5F023619CCB000DAD2B /* UIButton+MSTouch.h */; };
		A6F1E5F323619CCB000DAD2B /* UIButton+MSTouch.m in Sources */ = {isa = PBXBuildFile; fileRef = A6F1E5F123619CCB000DAD2B /* UIButton+MSTouch.m */; };
		A6F1E5F623619EAB000DAD2B /* UIColor+MSHex.h in Headers */ = {isa = PBXBuildFile; fileRef = A6F1E5F423619EAB000DAD2B /* UIColor+MSHex.h */; };
		A6F1E5F723619EAB000DAD2B /* UIColor+MSHex.m in Sources */ = {isa = PBXBuildFile; fileRef = A6F1E5F523619EAB000DAD2B /* UIColor+MSHex.m */; };
		A6F1E5FA2361D842000DAD2B /* NSDate+MSTransform.h in Headers */ = {isa = PBXBuildFile; fileRef = A6F1E5F82361D842000DAD2B /* NSDate+MSTransform.h */; };
		A6F1E5FB2361D842000DAD2B /* NSDate+MSTransform.m in Sources */ = {isa = PBXBuildFile; fileRef = A6F1E5F92361D842000DAD2B /* NSDate+MSTransform.m */; };
		A6F1E6042361DE4C000DAD2B /* MCTextView.h in Headers */ = {isa = PBXBuildFile; fileRef = A6F1E6022361DE4C000DAD2B /* MCTextView.h */; };
		A6F1E6052361DE4C000DAD2B /* MCTextView.m in Sources */ = {isa = PBXBuildFile; fileRef = A6F1E6032361DE4C000DAD2B /* MCTextView.m */; };
		A6F1E60A2361E22E000DAD2B /* UITextField+MSLimits.h in Headers */ = {isa = PBXBuildFile; fileRef = A6F1E6082361E22E000DAD2B /* UITextField+MSLimits.h */; };
		A6F1E60B2361E22E000DAD2B /* UITextField+MSLimits.m in Sources */ = {isa = PBXBuildFile; fileRef = A6F1E6092361E22E000DAD2B /* UITextField+MSLimits.m */; };
/* End PBXBuildFile section */

/* Begin PBXContainerItemProxy section */
		A6F1E5D7236196B0000DAD2B /* PBXContainerItemProxy */ = {
			isa = PBXContainerItemProxy;
			containerPortal = A6F1E5C3236196B0000DAD2B /* Project object */;
			proxyType = 1;
			remoteGlobalIDString = A6F1E5CB236196B0000DAD2B;
			remoteInfo = MSKit;
		};
/* End PBXContainerItemProxy section */

/* Begin PBXFileReference section */
		A6AB92A6236557870014785A /* NSString+MSEmoji.h */ = {isa = PBXFileReference; lastKnownFileType = sourcecode.c.h; path = "NSString+MSEmoji.h"; sourceTree = "<group>"; };
		A6AB92A7236557870014785A /* NSString+MSEmoji.m */ = {isa = PBXFileReference; lastKnownFileType = sourcecode.c.objc; path = "NSString+MSEmoji.m"; sourceTree = "<group>"; };
		A6AB92AB2365C32C0014785A /* Json.swift */ = {isa = PBXFileReference; lastKnownFileType = sourcecode.swift; path = Json.swift; sourceTree = "<group>"; };
		A6AB92AD2365C34C0014785A /* Element.swift */ = {isa = PBXFileReference; lastKnownFileType = sourcecode.swift; path = Element.swift; sourceTree = "<group>"; };
		A6AB92AF2365C3960014785A /* ElementReferenceType.swift */ = {isa = PBXFileReference; lastKnownFileType = sourcecode.swift; path = ElementReferenceType.swift; sourceTree = "<group>"; };
		A6C50C3C236CFE2500FF1AAB /* NSDictionary+JSON.h */ = {isa = PBXFileReference; lastKnownFileType = sourcecode.c.h; path = "NSDictionary+JSON.h"; sourceTree = "<group>"; };
		A6C50C3D236CFE2500FF1AAB /* NSDictionary+JSON.m */ = {isa = PBXFileReference; lastKnownFileType = sourcecode.c.objc; path = "NSDictionary+JSON.m"; sourceTree = "<group>"; };
		A6F1E5CC236196B0000DAD2B /* MSKit.framework */ = {isa = PBXFileReference; explicitFileType = wrapper.framework; includeInIndex = 0; path = MSKit.framework; sourceTree = BUILT_PRODUCTS_DIR; };
		A6F1E5CF236196B0000DAD2B /* MSKit.h */ = {isa = PBXFileReference; lastKnownFileType = sourcecode.c.h; path = MSKit.h; sourceTree = "<group>"; };
		A6F1E5D0236196B0000DAD2B /* Info.plist */ = {isa = PBXFileReference; lastKnownFileType = text.plist.xml; path = Info.plist; sourceTree = "<group>"; };
		A6F1E5D5236196B0000DAD2B /* MSKitTests.xctest */ = {isa = PBXFileReference; explicitFileType = wrapper.cfbundle; includeInIndex = 0; path = MSKitTests.xctest; sourceTree = BUILT_PRODUCTS_DIR; };
		A6F1E5DA236196B0000DAD2B /* MSKitTests.m */ = {isa = PBXFileReference; lastKnownFileType = sourcecode.c.objc; path = MSKitTests.m; sourceTree = "<group>"; };
		A6F1E5DC236196B0000DAD2B /* Info.plist */ = {isa = PBXFileReference; lastKnownFileType = text.plist.xml; path = Info.plist; sourceTree = "<group>"; };
		A6F1E5E8236196FE000DAD2B /* NSString+MSSize.h */ = {isa = PBXFileReference; lastKnownFileType = sourcecode.c.h; path = "NSString+MSSize.h"; sourceTree = "<group>"; };
		A6F1E5E9236196FE000DAD2B /* NSString+MSSize.m */ = {isa = PBXFileReference; lastKnownFileType = sourcecode.c.objc; path = "NSString+MSSize.m"; sourceTree = "<group>"; };
		A6F1E5EC2361990B000DAD2B /* UIView+MSSize.h */ = {isa = PBXFileReference; lastKnownFileType = sourcecode.c.h; path = "UIView+MSSize.h"; sourceTree = "<group>"; };
		A6F1E5ED2361990B000DAD2B /* UIView+MSSize.m */ = {isa = PBXFileReference; lastKnownFileType = sourcecode.c.objc; path = "UIView+MSSize.m"; sourceTree = "<group>"; };
		A6F1E5F023619CCB000DAD2B /* UIButton+MSTouch.h */ = {isa = PBXFileReference; lastKnownFileType = sourcecode.c.h; path = "UIButton+MSTouch.h"; sourceTree = "<group>"; };
		A6F1E5F123619CCB000DAD2B /* UIButton+MSTouch.m */ = {isa = PBXFileReference; lastKnownFileType = sourcecode.c.objc; path = "UIButton+MSTouch.m"; sourceTree = "<group>"; };
		A6F1E5F423619EAB000DAD2B /* UIColor+MSHex.h */ = {isa = PBXFileReference; lastKnownFileType = sourcecode.c.h; path = "UIColor+MSHex.h"; sourceTree = "<group>"; };
		A6F1E5F523619EAB000DAD2B /* UIColor+MSHex.m */ = {isa = PBXFileReference; lastKnownFileType = sourcecode.c.objc; path = "UIColor+MSHex.m"; sourceTree = "<group>"; };
		A6F1E5F82361D842000DAD2B /* NSDate+MSTransform.h */ = {isa = PBXFileReference; lastKnownFileType = sourcecode.c.h; path = "NSDate+MSTransform.h"; sourceTree = "<group>"; };
		A6F1E5F92361D842000DAD2B /* NSDate+MSTransform.m */ = {isa = PBXFileReference; lastKnownFileType = sourcecode.c.objc; path = "NSDate+MSTransform.m"; sourceTree = "<group>"; };
		A6F1E6022361DE4C000DAD2B /* MCTextView.h */ = {isa = PBXFileReference; lastKnownFileType = sourcecode.c.h; path = MCTextView.h; sourceTree = "<group>"; };
		A6F1E6032361DE4C000DAD2B /* MCTextView.m */ = {isa = PBXFileReference; lastKnownFileType = sourcecode.c.objc; path = MCTextView.m; sourceTree = "<group>"; };
		A6F1E6082361E22E000DAD2B /* UITextField+MSLimits.h */ = {isa = PBXFileReference; lastKnownFileType = sourcecode.c.h; path = "UITextField+MSLimits.h"; sourceTree = "<group>"; };
		A6F1E6092361E22E000DAD2B /* UITextField+MSLimits.m */ = {isa = PBXFileReference; lastKnownFileType = sourcecode.c.objc; path = "UITextField+MSLimits.m"; sourceTree = "<group>"; };
/* End PBXFileReference section */

/* Begin PBXFrameworksBuildPhase section */
		A6F1E5C9236196B0000DAD2B /* Frameworks */ = {
			isa = PBXFrameworksBuildPhase;
			buildActionMask = 2147483647;
			files = (
			);
			runOnlyForDeploymentPostprocessing = 0;
		};
		A6F1E5D2236196B0000DAD2B /* Frameworks */ = {
			isa = PBXFrameworksBuildPhase;
			buildActionMask = 2147483647;
			files = (
				A6F1E5D6236196B0000DAD2B /* MSKit.framework in Frameworks */,
			);
			runOnlyForDeploymentPostprocessing = 0;
		};
/* End PBXFrameworksBuildPhase section */

/* Begin PBXGroup section */
		A6AB92AA2365C3000014785A /* JSON */ = {
			isa = PBXGroup;
			children = (
				A6AB92AB2365C32C0014785A /* Json.swift */,
				A6AB92AD2365C34C0014785A /* Element.swift */,
				A6AB92AF2365C3960014785A /* ElementReferenceType.swift */,
			);
			path = JSON;
			sourceTree = "<group>";
		};
		A6F1E5C2236196B0000DAD2B = {
			isa = PBXGroup;
			children = (
				A6F1E5CE236196B0000DAD2B /* MSKit */,
				A6F1E5D9236196B0000DAD2B /* MSKitTests */,
				A6F1E5CD236196B0000DAD2B /* Products */,
			);
			sourceTree = "<group>";
		};
		A6F1E5CD236196B0000DAD2B /* Products */ = {
			isa = PBXGroup;
			children = (
				A6F1E5CC236196B0000DAD2B /* MSKit.framework */,
				A6F1E5D5236196B0000DAD2B /* MSKitTests.xctest */,
			);
			name = Products;
			sourceTree = "<group>";
		};
		A6F1E5CE236196B0000DAD2B /* MSKit */ = {
			isa = PBXGroup;
			children = (
				A6F1E5E6236196C6000DAD2B /* Core */,
				A6F1E5CF236196B0000DAD2B /* MSKit.h */,
				A6F1E5D0236196B0000DAD2B /* Info.plist */,
			);
			path = MSKit;
			sourceTree = "<group>";
		};
		A6F1E5D9236196B0000DAD2B /* MSKitTests */ = {
			isa = PBXGroup;
			children = (
				A6F1E5DA236196B0000DAD2B /* MSKitTests.m */,
				A6F1E5DC236196B0000DAD2B /* Info.plist */,
			);
			path = MSKitTests;
			sourceTree = "<group>";
		};
		A6F1E5E6236196C6000DAD2B /* Core */ = {
			isa = PBXGroup;
			children = (
				A6AB92AA2365C3000014785A /* JSON */,
				A6F1E6012361DDE0000DAD2B /* TextView */,
				A6F1E5E7236196CD000DAD2B /* MSCategories */,
			);
			path = Core;
			sourceTree = "<group>";
		};
		A6F1E5E7236196CD000DAD2B /* MSCategories */ = {
			isa = PBXGroup;
			children = (
				A6F1E6072361DEB6000DAD2B /* Foundation */,
				A6F1E6062361DE96000DAD2B /* UIKit */,
				A6F1E5F023619CCB000DAD2B /* UIButton+MSTouch.h */,
				A6F1E5F123619CCB000DAD2B /* UIButton+MSTouch.m */,
			);
			path = MSCategories;
			sourceTree = "<group>";
		};
		A6F1E6012361DDE0000DAD2B /* TextView */ = {
			isa = PBXGroup;
			children = (
				A6F1E6022361DE4C000DAD2B /* MCTextView.h */,
				A6F1E6032361DE4C000DAD2B /* MCTextView.m */,
			);
			path = TextView;
			sourceTree = "<group>";
		};
		A6F1E6062361DE96000DAD2B /* UIKit */ = {
			isa = PBXGroup;
			children = (
				A6F1E5EC2361990B000DAD2B /* UIView+MSSize.h */,
				A6F1E6082361E22E000DAD2B /* UITextField+MSLimits.h */,
				A6F1E6092361E22E000DAD2B /* UITextField+MSLimits.m */,
				A6F1E5ED2361990B000DAD2B /* UIView+MSSize.m */,
				A6F1E5F423619EAB000DAD2B /* UIColor+MSHex.h */,
				A6F1E5F523619EAB000DAD2B /* UIColor+MSHex.m */,
			);
			path = UIKit;
			sourceTree = "<group>";
		};
		A6F1E6072361DEB6000DAD2B /* Foundation */ = {
			isa = PBXGroup;
			children = (
				A6F1E5F82361D842000DAD2B /* NSDate+MSTransform.h */,
				A6F1E5F92361D842000DAD2B /* NSDate+MSTransform.m */,
				A6F1E5E9236196FE000DAD2B /* NSString+MSSize.m */,
				A6AB92A6236557870014785A /* NSString+MSEmoji.h */,
				A6C50C3C236CFE2500FF1AAB /* NSDictionary+JSON.h */,
				A6C50C3D236CFE2500FF1AAB /* NSDictionary+JSON.m */,
				A6AB92A7236557870014785A /* NSString+MSEmoji.m */,
				A6F1E5E8236196FE000DAD2B /* NSString+MSSize.h */,
			);
			path = Foundation;
			sourceTree = "<group>";
		};
/* End PBXGroup section */

/* Begin PBXHeadersBuildPhase section */
		A6F1E5C7236196B0000DAD2B /* Headers */ = {
			isa = PBXHeadersBuildPhase;
			buildActionMask = 2147483647;
			files = (
				A6F1E60A2361E22E000DAD2B /* UITextField+MSLimits.h in Headers */,
				A6C50C3E236CFE2500FF1AAB /* NSDictionary+JSON.h in Headers */,
				A6F1E5FA2361D842000DAD2B /* NSDate+MSTransform.h in Headers */,
				A6F1E5F223619CCB000DAD2B /* UIButton+MSTouch.h in Headers */,
				A6F1E6042361DE4C000DAD2B /* MCTextView.h in Headers */,
				A6F1E5F623619EAB000DAD2B /* UIColor+MSHex.h in Headers */,
				A6AB92A8236557870014785A /* NSString+MSEmoji.h in Headers */,
				A6F1E5DD236196B0000DAD2B /* MSKit.h in Headers */,
				A6F1E5EE2361990B000DAD2B /* UIView+MSSize.h in Headers */,
				A6F1E5EA236196FE000DAD2B /* NSString+MSSize.h in Headers */,
			);
			runOnlyForDeploymentPostprocessing = 0;
		};
/* End PBXHeadersBuildPhase section */

/* Begin PBXNativeTarget section */
		A6F1E5CB236196B0000DAD2B /* MSKit */ = {
			isa = PBXNativeTarget;
			buildConfigurationList = A6F1E5E0236196B0000DAD2B /* Build configuration list for PBXNativeTarget "MSKit" */;
			buildPhases = (
				A6F1E5C7236196B0000DAD2B /* Headers */,
				A6F1E5C8236196B0000DAD2B /* Sources */,
				A6F1E5C9236196B0000DAD2B /* Frameworks */,
				A6F1E5CA236196B0000DAD2B /* Resources */,
			);
			buildRules = (
			);
			dependencies = (
			);
			name = MSKit;
			productName = MSKit;
			productReference = A6F1E5CC236196B0000DAD2B /* MSKit.framework */;
			productType = "com.apple.product-type.framework";
		};
		A6F1E5D4236196B0000DAD2B /* MSKitTests */ = {
			isa = PBXNativeTarget;
			buildConfigurationList = A6F1E5E3236196B0000DAD2B /* Build configuration list for PBXNativeTarget "MSKitTests" */;
			buildPhases = (
				A6F1E5D1236196B0000DAD2B /* Sources */,
				A6F1E5D2236196B0000DAD2B /* Frameworks */,
				A6F1E5D3236196B0000DAD2B /* Resources */,
			);
			buildRules = (
			);
			dependencies = (
				A6F1E5D8236196B0000DAD2B /* PBXTargetDependency */,
			);
			name = MSKitTests;
			productName = MSKitTests;
			productReference = A6F1E5D5236196B0000DAD2B /* MSKitTests.xctest */;
			productType = "com.apple.product-type.bundle.unit-test";
		};
/* End PBXNativeTarget section */

/* Begin PBXProject section */
		A6F1E5C3236196B0000DAD2B /* Project object */ = {
			isa = PBXProject;
			attributes = {
				LastUpgradeCheck = 1110;
				ORGANIZATIONNAME = "Marc Zhao";
				TargetAttributes = {
					A6F1E5CB236196B0000DAD2B = {
						CreatedOnToolsVersion = 11.1;
						LastSwiftMigration = 1110;
					};
					A6F1E5D4236196B0000DAD2B = {
						CreatedOnToolsVersion = 11.1;
					};
				};
			};
			buildConfigurationList = A6F1E5C6236196B0000DAD2B /* Build configuration list for PBXProject "MSKit" */;
			compatibilityVersion = "Xcode 9.3";
			developmentRegion = en;
			hasScannedForEncodings = 0;
			knownRegions = (
				en,
				Base,
			);
			mainGroup = A6F1E5C2236196B0000DAD2B;
			productRefGroup = A6F1E5CD236196B0000DAD2B /* Products */;
			projectDirPath = "";
			projectRoot = "";
			targets = (
				A6F1E5CB236196B0000DAD2B /* MSKit */,
				A6F1E5D4236196B0000DAD2B /* MSKitTests */,
			);
		};
/* End PBXProject section */

/* Begin PBXResourcesBuildPhase section */
		A6F1E5CA236196B0000DAD2B /* Resources */ = {
			isa = PBXResourcesBuildPhase;
			buildActionMask = 2147483647;
			files = (
			);
			runOnlyForDeploymentPostprocessing = 0;
		};
		A6F1E5D3236196B0000DAD2B /* Resources */ = {
			isa = PBXResourcesBuildPhase;
			buildActionMask = 2147483647;
			files = (
			);
			runOnlyForDeploymentPostprocessing = 0;
		};
/* End PBXResourcesBuildPhase section */

/* Begin PBXSourcesBuildPhase section */
		A6F1E5C8236196B0000DAD2B /* Sources */ = {
			isa = PBXSourcesBuildPhase;
			buildActionMask = 2147483647;
			files = (
				A6AB92AC2365C32C0014785A /* Json.swift in Sources */,
				A6F1E5EB236196FE000DAD2B /* NSString+MSSize.m in Sources */,
				A6C50C3F236CFE2500FF1AAB /* NSDictionary+JSON.m in Sources */,
				A6F1E5EF2361990B000DAD2B /* UIView+MSSize.m in Sources */,
				A6AB92B02365C3960014785A /* ElementReferenceType.swift in Sources */,
				A6F1E6052361DE4C000DAD2B /* MCTextView.m in Sources */,
				A6AB92AE2365C34C0014785A /* Element.swift in Sources */,
				A6F1E5FB2361D842000DAD2B /* NSDate+MSTransform.m in Sources */,
				A6AB92A9236557870014785A /* NSString+MSEmoji.m in Sources */,
				A6F1E5F323619CCB000DAD2B /* UIButton+MSTouch.m in Sources */,
				A6F1E60B2361E22E000DAD2B /* UITextField+MSLimits.m in Sources */,
				A6F1E5F723619EAB000DAD2B /* UIColor+MSHex.m in Sources */,
			);
			runOnlyForDeploymentPostprocessing = 0;
		};
		A6F1E5D1236196B0000DAD2B /* Sources */ = {
			isa = PBXSourcesBuildPhase;
			buildActionMask = 2147483647;
			files = (
				A6F1E5DB236196B0000DAD2B /* MSKitTests.m in Sources */,
			);
			runOnlyForDeploymentPostprocessing = 0;
		};
/* End PBXSourcesBuildPhase section */

/* Begin PBXTargetDependency section */
		A6F1E5D8236196B0000DAD2B /* PBXTargetDependency */ = {
			isa = PBXTargetDependency;
			target = A6F1E5CB236196B0000DAD2B /* MSKit */;
			targetProxy = A6F1E5D7236196B0000DAD2B /* PBXContainerItemProxy */;
		};
/* End PBXTargetDependency section */

/* Begin XCBuildConfiguration section */
		A6F1E5DE236196B0000DAD2B /* Debug */ = {
			isa = XCBuildConfiguration;
			buildSettings = {
				ALWAYS_SEARCH_USER_PATHS = NO;
				CLANG_ANALYZER_NONNULL = YES;
				CLANG_ANALYZER_NUMBER_OBJECT_CONVERSION = YES_AGGRESSIVE;
				CLANG_CXX_LANGUAGE_STANDARD = "gnu++14";
				CLANG_CXX_LIBRARY = "libc++";
				CLANG_ENABLE_MODULES = YES;
				CLANG_ENABLE_OBJC_ARC = YES;
				CLANG_ENABLE_OBJC_WEAK = YES;
				CLANG_WARN_BLOCK_CAPTURE_AUTORELEASING = YES;
				CLANG_WARN_BOOL_CONVERSION = YES;
				CLANG_WARN_COMMA = YES;
				CLANG_WARN_CONSTANT_CONVERSION = YES;
				CLANG_WARN_DEPRECATED_OBJC_IMPLEMENTATIONS = YES;
				CLANG_WARN_DIRECT_OBJC_ISA_USAGE = YES_ERROR;
				CLANG_WARN_DOCUMENTATION_COMMENTS = YES;
				CLANG_WARN_EMPTY_BODY = YES;
				CLANG_WARN_ENUM_CONVERSION = YES;
				CLANG_WARN_INFINITE_RECURSION = YES;
				CLANG_WARN_INT_CONVERSION = YES;
				CLANG_WARN_NON_LITERAL_NULL_CONVERSION = YES;
				CLANG_WARN_OBJC_IMPLICIT_RETAIN_SELF = YES;
				CLANG_WARN_OBJC_LITERAL_CONVERSION = YES;
				CLANG_WARN_OBJC_ROOT_CLASS = YES_ERROR;
				CLANG_WARN_RANGE_LOOP_ANALYSIS = YES;
				CLANG_WARN_STRICT_PROTOTYPES = YES;
				CLANG_WARN_SUSPICIOUS_MOVE = YES;
				CLANG_WARN_UNGUARDED_AVAILABILITY = YES_AGGRESSIVE;
				CLANG_WARN_UNREACHABLE_CODE = YES;
				CLANG_WARN__DUPLICATE_METHOD_MATCH = YES;
				COPY_PHASE_STRIP = NO;
				CURRENT_PROJECT_VERSION = 1;
				DEBUG_INFORMATION_FORMAT = dwarf;
				ENABLE_STRICT_OBJC_MSGSEND = YES;
				ENABLE_TESTABILITY = YES;
				GCC_C_LANGUAGE_STANDARD = gnu11;
				GCC_DYNAMIC_NO_PIC = NO;
				GCC_NO_COMMON_BLOCKS = YES;
				GCC_OPTIMIZATION_LEVEL = 0;
				GCC_PREPROCESSOR_DEFINITIONS = (
					"DEBUG=1",
					"$(inherited)",
				);
				GCC_WARN_64_TO_32_BIT_CONVERSION = YES;
				GCC_WARN_ABOUT_RETURN_TYPE = YES_ERROR;
				GCC_WARN_UNDECLARED_SELECTOR = YES;
				GCC_WARN_UNINITIALIZED_AUTOS = YES_AGGRESSIVE;
				GCC_WARN_UNUSED_FUNCTION = YES;
				GCC_WARN_UNUSED_VARIABLE = YES;
				IPHONEOS_DEPLOYMENT_TARGET = 13.1;
				MTL_ENABLE_DEBUG_INFO = INCLUDE_SOURCE;
				MTL_FAST_MATH = YES;
				ONLY_ACTIVE_ARCH = YES;
				SDKROOT = iphoneos;
				VERSIONING_SYSTEM = "apple-generic";
				VERSION_INFO_PREFIX = "";
			};
			name = Debug;
		};
		A6F1E5DF236196B0000DAD2B /* Release */ = {
			isa = XCBuildConfiguration;
			buildSettings = {
				ALWAYS_SEARCH_USER_PATHS = NO;
				CLANG_ANALYZER_NONNULL = YES;
				CLANG_ANALYZER_NUMBER_OBJECT_CONVERSION = YES_AGGRESSIVE;
				CLANG_CXX_LANGUAGE_STANDARD = "gnu++14";
				CLANG_CXX_LIBRARY = "libc++";
				CLANG_ENABLE_MODULES = YES;
				CLANG_ENABLE_OBJC_ARC = YES;
				CLANG_ENABLE_OBJC_WEAK = YES;
				CLANG_WARN_BLOCK_CAPTURE_AUTORELEASING = YES;
				CLANG_WARN_BOOL_CONVERSION = YES;
				CLANG_WARN_COMMA = YES;
				CLANG_WARN_CONSTANT_CONVERSION = YES;
				CLANG_WARN_DEPRECATED_OBJC_IMPLEMENTATIONS = YES;
				CLANG_WARN_DIRECT_OBJC_ISA_USAGE = YES_ERROR;
				CLANG_WARN_DOCUMENTATION_COMMENTS = YES;
				CLANG_WARN_EMPTY_BODY = YES;
				CLANG_WARN_ENUM_CONVERSION = YES;
				CLANG_WARN_INFINITE_RECURSION = YES;
				CLANG_WARN_INT_CONVERSION = YES;
				CLANG_WARN_NON_LITERAL_NULL_CONVERSION = YES;
				CLANG_WARN_OBJC_IMPLICIT_RETAIN_SELF = YES;
				CLANG_WARN_OBJC_LITERAL_CONVERSION = YES;
				CLANG_WARN_OBJC_ROOT_CLASS = YES_ERROR;
				CLANG_WARN_RANGE_LOOP_ANALYSIS = YES;
				CLANG_WARN_STRICT_PROTOTYPES = YES;
				CLANG_WARN_SUSPICIOUS_MOVE = YES;
				CLANG_WARN_UNGUARDED_AVAILABILITY = YES_AGGRESSIVE;
				CLANG_WARN_UNREACHABLE_CODE = YES;
				CLANG_WARN__DUPLICATE_METHOD_MATCH = YES;
				COPY_PHASE_STRIP = NO;
				CURRENT_PROJECT_VERSION = 1;
				DEBUG_INFORMATION_FORMAT = "dwarf-with-dsym";
				ENABLE_NS_ASSERTIONS = NO;
				ENABLE_STRICT_OBJC_MSGSEND = YES;
				GCC_C_LANGUAGE_STANDARD = gnu11;
				GCC_NO_COMMON_BLOCKS = YES;
				GCC_WARN_64_TO_32_BIT_CONVERSION = YES;
				GCC_WARN_ABOUT_RETURN_TYPE = YES_ERROR;
				GCC_WARN_UNDECLARED_SELECTOR = YES;
				GCC_WARN_UNINITIALIZED_AUTOS = YES_AGGRESSIVE;
				GCC_WARN_UNUSED_FUNCTION = YES;
				GCC_WARN_UNUSED_VARIABLE = YES;
				IPHONEOS_DEPLOYMENT_TARGET = 13.1;
				MTL_ENABLE_DEBUG_INFO = NO;
				MTL_FAST_MATH = YES;
				SDKROOT = iphoneos;
				VALIDATE_PRODUCT = YES;
				VERSIONING_SYSTEM = "apple-generic";
				VERSION_INFO_PREFIX = "";
			};
			name = Release;
		};
		A6F1E5E1236196B0000DAD2B /* Debug */ = {
			isa = XCBuildConfiguration;
			buildSettings = {
				CLANG_ENABLE_MODULES = YES;
				CODE_SIGN_STYLE = Automatic;
				DEFINES_MODULE = YES;
				DEVELOPMENT_TEAM = NGJVXQWTLX;
				DYLIB_COMPATIBILITY_VERSION = 1;
				DYLIB_CURRENT_VERSION = 1;
				DYLIB_INSTALL_NAME_BASE = "@rpath";
				INFOPLIST_FILE = MSKit/Info.plist;
				INSTALL_PATH = "$(LOCAL_LIBRARY_DIR)/Frameworks";
				LD_RUNPATH_SEARCH_PATHS = (
					"$(inherited)",
					"@executable_path/Frameworks",
					"@loader_path/Frameworks",
				);
				PRODUCT_BUNDLE_IDENTIFIER = com.memoriesus.MSKit;
				PRODUCT_NAME = "$(TARGET_NAME:c99extidentifier)";
				SKIP_INSTALL = YES;
				SWIFT_OPTIMIZATION_LEVEL = "-Onone";
				SWIFT_VERSION = 5.0;
				TARGETED_DEVICE_FAMILY = "1,2";
			};
			name = Debug;
		};
		A6F1E5E2236196B0000DAD2B /* Release */ = {
			isa = XCBuildConfiguration;
			buildSettings = {
				CLANG_ENABLE_MODULES = YES;
				CODE_SIGN_STYLE = Automatic;
				DEFINES_MODULE = YES;
				DEVELOPMENT_TEAM = NGJVXQWTLX;
				DYLIB_COMPATIBILITY_VERSION = 1;
				DYLIB_CURRENT_VERSION = 1;
				DYLIB_INSTALL_NAME_BASE = "@rpath";
				INFOPLIST_FILE = MSKit/Info.plist;
				INSTALL_PATH = "$(LOCAL_LIBRARY_DIR)/Frameworks";
				LD_RUNPATH_SEARCH_PATHS = (
					"$(inherited)",
					"@executable_path/Frameworks",
					"@loader_path/Frameworks",
				);
				PRODUCT_BUNDLE_IDENTIFIER = com.memoriesus.MSKit;
				PRODUCT_NAME = "$(TARGET_NAME:c99extidentifier)";
				SKIP_INSTALL = YES;
				SWIFT_VERSION = 5.0;
				TARGETED_DEVICE_FAMILY = "1,2";
			};
			name = Release;
		};
		A6F1E5E4236196B0000DAD2B /* Debug */ = {
			isa = XCBuildConfiguration;
			buildSettings = {
				ALWAYS_EMBED_SWIFT_STANDARD_LIBRARIES = YES;
				CODE_SIGN_STYLE = Automatic;
				DEVELOPMENT_TEAM = NGJVXQWTLX;
				INFOPLIST_FILE = MSKitTests/Info.plist;
				LD_RUNPATH_SEARCH_PATHS = (
					"$(inherited)",
					"@executable_path/Frameworks",
					"@loader_path/Frameworks",
				);
				PRODUCT_BUNDLE_IDENTIFIER = com.memoriesus.MSKitTests;
				PRODUCT_NAME = "$(TARGET_NAME)";
				TARGETED_DEVICE_FAMILY = "1,2";
			};
			name = Debug;
		};
		A6F1E5E5236196B0000DAD2B /* Release */ = {
			isa = XCBuildConfiguration;
			buildSettings = {
				ALWAYS_EMBED_SWIFT_STANDARD_LIBRARIES = YES;
				CODE_SIGN_STYLE = Automatic;
				DEVELOPMENT_TEAM = NGJVXQWTLX;
				INFOPLIST_FILE = MSKitTests/Info.plist;
				LD_RUNPATH_SEARCH_PATHS = (
					"$(inherited)",
					"@executable_path/Frameworks",
					"@loader_path/Frameworks",
				);
				PRODUCT_BUNDLE_IDENTIFIER = com.memoriesus.MSKitTests;
				PRODUCT_NAME = "$(TARGET_NAME)";
				TARGETED_DEVICE_FAMILY = "1,2";
			};
			name = Release;
		};
/* End XCBuildConfiguration section */

/* Begin XCConfigurationList section */
		A6F1E5C6236196B0000DAD2B /* Build configuration list for PBXProject "MSKit" */ = {
			isa = XCConfigurationList;
			buildConfigurations = (
				A6F1E5DE236196B0000DAD2B /* Debug */,
				A6F1E5DF236196B0000DAD2B /* Release */,
			);
			defaultConfigurationIsVisible = 0;
			defaultConfigurationName = Release;
		};
		A6F1E5E0236196B0000DAD2B /* Build configuration list for PBXNativeTarget "MSKit" */ = {
			isa = XCConfigurationList;
			buildConfigurations = (
				A6F1E5E1236196B0000DAD2B /* Debug */,
				A6F1E5E2236196B0000DAD2B /* Release */,
			);
			defaultConfigurationIsVisible = 0;
			defaultConfigurationName = Release;
		};
		A6F1E5E3236196B0000DAD2B /* Build configuration list for PBXNativeTarget "MSKitTests" */ = {
			isa = XCConfigurationList;
			buildConfigurations = (
				A6F1E5E4236196B0000DAD2B /* Debug */,
				A6F1E5E5236196B0000DAD2B /* Release */,
			);
			defaultConfigurationIsVisible = 0;
			defaultConfigurationName = Release;
		};
/* End XCConfigurationList section */
	};
	rootObject = A6F1E5C3236196B0000DAD2B /* Project object */;
}
